{
  "name": "node-app",
  "version": "1.0.0",
  "lockfileVersion": 1,
  "requires": true,
  "dependencies": {
    "bal-lib": {
      "version": "1.1.0",
      "resolved": "https://registry.npmjs.org/bal-lib/-/bal-lib-1.1.0.tgz",
      "integrity": "sha512-BwMoeIVQCkzBRIZ/w1MuAtcfxn6E2AzjoOg3LWddjhQuV4vsLC6hREAbWZuILG+Qn5YyAgs9r20XqV/azKGSjg=="
    }
  }
}
